# This file is automatically @generated by Cargo.
# It is not intended for manual editing.
version = 3

[[package]]
name = "linux-drm"
version = "0.1.0"
dependencies = [
 "linux-io",
 "linux-unsafe",
]

[[package]]
name = "linux-io"
version = "0.6.1"
source = "registry+https://github.com/rust-lang/crates.io-index"
checksum = "9f11d16e5d6a5b463bc9dd54bcc2109407cb98e01bb211edb3349ad3c38d4605"
dependencies = [
 "linux-unsafe",
]

[[package]]
name = "linux-unsafe"
version = "0.9.1"
source = "registry+https://github.com/rust-lang/crates.io-index"
checksum = "30ac833a5dac990dfd781cb6aed462deb369636d5406daa190dc258e63d689fb"
dependencies = [
 "static_assertions",
]

[[package]]
name = "static_assertions"
version = "1.1.0"
source = "registry+https://github.com/rust-lang/crates.io-index"
checksum = "a2eb9349b6444b326872e140eb1cf5e7c522154d69e7a0ffb0fb81c06b37543f"
