# This file is automatically @generated by Cargo.
# It is not intended for manual editing.
version = 3

[[package]]
name = "linux-drm"
version = "0.1.0"
dependencies = [
 "linux-io",
 "linux-unsafe",
]

[[package]]
name = "linux-io"
version = "0.8.0"
source = "registry+https://github.com/rust-lang/crates.io-index"
checksum = "ec91345282be458d5ae1e61804aecae968a9e148e30db6638571362092bf7aa2"
dependencies = [
 "linux-unsafe",
]

[[package]]
name = "linux-unsafe"
version = "0.10.0"
source = "registry+https://github.com/rust-lang/crates.io-index"
checksum = "2c138441a23d3e1db94e8b581f35c1b1b097340b489b46c64d734cb06060ac37"
dependencies = [
 "static_assertions",
]

[[package]]
name = "static_assertions"
version = "1.1.0"
source = "registry+https://github.com/rust-lang/crates.io-index"
checksum = "a2eb9349b6444b326872e140eb1cf5e7c522154d69e7a0ffb0fb81c06b37543f"
